
Microsoft Visual Studio Solution File, Format Version 12.00
# Visual Studio Version 17
VisualStudioVersion = 17.3.32811.315
MinimumVisualStudioVersion = 10.0.40219.1
Project("{FAE04EC0-301F-11D3-BF4B-00C04F79EFBC}") = "my-book", "my-book\my-book.csproj", "{9175629C-CAF9-4BCD-8B3A-6A6F7626FACD}"
EndProject
Global
	GlobalSection(SolutionConfigurationPlatforms) = preSolution
		Debug|Any CPU = Debug|Any CPU
		Release|Any CPU = Release|Any CPU
	EndGlobalSection
	GlobalSection(ProjectConfigurationPlatforms) = postSolution
		{9175629C-CAF9-4BCD-8B3A-6A6F7626FACD}.Debug|Any CPU.ActiveCfg = Debug|Any CPU
		{9175629C-CAF9-4BCD-8B3A-6A6F7626FACD}.Debug|Any CPU.Build.0 = Debug|Any CPU
		{9175629C-CAF9-4BCD-8B3A-6A6F7626FACD}.Release|Any CPU.ActiveCfg = Release|Any CPU
		{9175629C-CAF9-4BCD-8B3A-6A6F7626FACD}.Release|Any CPU.Build.0 = Release|Any CPU
	EndGlobalSection
	GlobalSection(SolutionProperties) = preSolution
		HideSolutionNode = FALSE
	EndGlobalSection
	GlobalSection(ExtensibilityGlobals) = postSolution
		SolutionGuid = {66DE3798-76FD-4F78-9EB7-7D81F007A21B}
	EndGlobalSection
EndGlobal
